<?xml version="1.0" encoding="utf-8"?>
<Project ToolsVersion="4.0" xmlns="http://schemas.microsoft.com/developer/msbuild/2003">
  <ItemGroup>
    <Filter Include="Source Files">
      <UniqueIdentifier>{4FC737F1-C7A5-4376-A066-2A32D752A2FF}</UniqueIdentifier>
      <Extensions>cpp;c;cc;cxx;c++;cppm;ixx;def;odl;idl;hpj;bat;asm;asmx</Extensions>
    </Filter>
    <Filter Include="Header Files">
      <UniqueIdentifier>{93995380-89BD-4b04-88EB-625FBE52EBFB}</UniqueIdentifier>
      <Extensions>h;hh;hpp;hxx;h++;hm;inl;inc;ipp;xsd</Extensions>
    </Filter>
    <Filter Include="Resource Files">
      <UniqueIdentifier>{67DA6AB6-F800-4c08-8B7A-83BB121AAD01}</UniqueIdentifier>
      <Extensions>rc;ico;cur;bmp;dlg;rc2;rct;bin;rgs;gif;jpg;jpeg;jpe;resx;tiff;tif;png;wav;mfcribbon-ms</Extensions>
    </Filter>
    <Filter Include="Resource Files\Shaders">
      <UniqueIdentifier>{79bdc380-f509-40f0-955b-b3704bf95f45}</UniqueIdentifier>
    </Filter>
    <Filter Include="Resource Files\Textures">
      <UniqueIdentifier>{b321e6e8-2505-42d7-b439-081f10b4460e}</UniqueIdentifier>
    </Filter>
    <Filter Include="Source Files\imgui">
      <UniqueIdentifier>{126a8854-c9e5-4bc2-948d-6001410da2d9}</UniqueIdentifier>
    </Filter>
    <Filter Include="Header Files\imgui">
      <UniqueIdentifier>{36fd3c58-e113-499c-ab17-d424b8a67eaf}</UniqueIdentifier>
    </Filter>
    <Filter Include="Resource Files\Models">
      <UniqueIdentifier>{2fac693a-4137-4cad-af12-45fe5947ffa8}</UniqueIdentifier>
    </Filter>
    <Filter Include="Resource Files\Shaders\Db">
      <UniqueIdentifier>{20b5557a-530c-429f-b02b-1a2ef8cafcbc}</UniqueIdentifier>
    </Filter>
    <Filter Include="Resource Files\Shaders\Main">
      <UniqueIdentifier>{e96aaa03-9abd-4e46-a63a-bb33a658f71a}</UniqueIdentifier>
    </Filter>
    <Filter Include="Source Files\video">
      <UniqueIdentifier>{98e07985-015c-418e-b754-26beaf7664f2}</UniqueIdentifier>
    </Filter>
    <Filter Include="Source Files\video\shader">
      <UniqueIdentifier>{a10ec773-04b2-444b-8c2b-da8a1ebf1308}</UniqueIdentifier>
    </Filter>
    <Filter Include="Source Files\video\model">
      <UniqueIdentifier>{da5d5fd1-0748-4fd1-93d0-970c877e7673}</UniqueIdentifier>
    </Filter>
    <Filter Include="Source Files\video\BufferObjects">
      <UniqueIdentifier>{4ce3a349-9957-465a-94c6-662991dd73d9}</UniqueIdentifier>
    </Filter>
    <Filter Include="Source Files\video\BufferArrays">
      <UniqueIdentifier>{1892b1b9-9ca8-4d72-9fd7-2f313e6451bf}</UniqueIdentifier>
    </Filter>
    <Filter Include="Source Files\main">
      <UniqueIdentifier>{2056cd74-35c5-4625-92af-aed34477d283}</UniqueIdentifier>
    </Filter>
    <Filter Include="Source Files\control">
      <UniqueIdentifier>{a181b63a-95ab-45b9-9d39-554546acd6c2}</UniqueIdentifier>
    </Filter>
    <Filter Include="Source Files\file">
      <UniqueIdentifier>{2036a713-b53e-4479-9b53-7cfc6850ea5c}</UniqueIdentifier>
    </Filter>
    <Filter Include="Header Files\control">
      <UniqueIdentifier>{3fb70cda-9e5e-4230-80b5-ca6ee05d31d2}</UniqueIdentifier>
    </Filter>
    <Filter Include="Header Files\file">
      <UniqueIdentifier>{40e61a2a-2db8-47f0-a425-197e5832a633}</UniqueIdentifier>
    </Filter>
    <Filter Include="Header Files\main">
      <UniqueIdentifier>{c25f9ba6-1d6a-4773-9896-24f97f4c43bf}</UniqueIdentifier>
    </Filter>
    <Filter Include="Header Files\video">
      <UniqueIdentifier>{821fde3a-21d6-42ac-87fa-139e95542374}</UniqueIdentifier>
    </Filter>
    <Filter Include="Header Files\video\shader">
      <UniqueIdentifier>{417df52d-3d0c-4fba-a8db-a13b74efa1be}</UniqueIdentifier>
    </Filter>
    <Filter Include="Header Files\video\BufferArrays">
      <UniqueIdentifier>{49208e6f-0ec0-4d7f-a01c-516820197508}</UniqueIdentifier>
    </Filter>
    <Filter Include="Header Files\video\BufferObjects">
      <UniqueIdentifier>{6bcd220f-e059-4935-8077-c242b599b605}</UniqueIdentifier>
    </Filter>
    <Filter Include="Header Files\video\model">
      <UniqueIdentifier>{62b70578-7fd3-4375-b671-eb640e37ee97}</UniqueIdentifier>
    </Filter>
    <Filter Include="Header Files\utils">
      <UniqueIdentifier>{9e7054d9-43c7-4a34-89c0-d2c5de312676}</UniqueIdentifier>
    </Filter>
    <Filter Include="Source Files\utils">
      <UniqueIdentifier>{887285a0-4c12-411e-9dfe-2e4b6cd8e6c4}</UniqueIdentifier>
    </Filter>
    <Filter Include="Text Files">
      <UniqueIdentifier>{4af88813-d1f1-4671-9fb4-e54fbd5a6d30}</UniqueIdentifier>
    </Filter>
    <Filter Include="Text Files\Text">
      <UniqueIdentifier>{1127e8f9-a6ef-4e08-aa57-9d56c9ea50d4}</UniqueIdentifier>
    </Filter>
    <Filter Include="Resource Files\bullet">
      <UniqueIdentifier>{66117c28-6c9d-4a30-8ae4-2983dcb3b0bb}</UniqueIdentifier>
    </Filter>
  </ItemGroup>
  <ItemGroup>
    <ClCompile Include="src\control\Camera.cpp">
      <Filter>Source Files\control</Filter>
    </ClCompile>
    <ClCompile Include="src\file\FileClass.cpp">
      <Filter>Source Files\file</Filter>
    </ClCompile>
    <ClCompile Include="src\main\glad.c">
      <Filter>Source Files\main</Filter>
    </ClCompile>
    <ClCompile Include="src\video\shader\ShaderClass.cpp">
      <Filter>Source Files\video\shader</Filter>
    </ClCompile>
    <ClCompile Include="src\video\BufferArrays\VAO.cpp">
      <Filter>Source Files\video\BufferArrays</Filter>
    </ClCompile>
    <ClCompile Include="src\video\BufferObjects\EBO.cpp">
      <Filter>Source Files\video\BufferObjects</Filter>
    </ClCompile>
    <ClCompile Include="src\video\BufferObjects\VBO.cpp">
      <Filter>Source Files\video\BufferObjects</Filter>
    </ClCompile>
    <ClCompile Include="src\video\model\Mesh.cpp">
      <Filter>Source Files\video\model</Filter>
    </ClCompile>
    <ClCompile Include="src\video\model\Model.cpp">
      <Filter>Source Files\video\model</Filter>
    </ClCompile>
    <ClCompile Include="src\video\model\stb.cpp">
      <Filter>Source Files\video\model</Filter>
    </ClCompile>
    <ClCompile Include="src\video\model\Texture.cpp">
      <Filter>Source Files\video\model</Filter>
    </ClCompile>
    <ClCompile Include="src\imgui\imgui.cpp">
      <Filter>Source Files\imgui</Filter>
    </ClCompile>
    <ClCompile Include="src\imgui\imgui_demo.cpp">
      <Filter>Source Files\imgui</Filter>
    </ClCompile>
    <ClCompile Include="src\imgui\imgui_draw.cpp">
      <Filter>Source Files\imgui</Filter>
    </ClCompile>
    <ClCompile Include="src\imgui\imgui_impl_glfw.cpp">
      <Filter>Source Files\imgui</Filter>
    </ClCompile>
    <ClCompile Include="src\imgui\imgui_impl_opengl3.cpp">
      <Filter>Source Files\imgui</Filter>
    </ClCompile>
    <ClCompile Include="src\imgui\imgui_tables.cpp">
      <Filter>Source Files\imgui</Filter>
    </ClCompile>
    <ClCompile Include="src\imgui\imgui_widgets.cpp">
      <Filter>Source Files\imgui</Filter>
    </ClCompile>
    <ClCompile Include="src\utils\UF.cpp">
      <Filter>Source Files\utils</Filter>
    </ClCompile>
    <ClCompile Include="src\utils\init.cpp">
      <Filter>Source Files\utils</Filter>
    </ClCompile>
    <ClCompile Include="src\utils\ScreenUtils.cpp">
      <Filter>Source Files\utils</Filter>
    </ClCompile>
    <ClCompile Include="src\utils\SettingsUtil.cpp">
      <Filter>Source Files\utils</Filter>
    </ClCompile>
    <ClCompile Include="src\utils\timeUtil.cpp">
      <Filter>Source Files\utils</Filter>
    </ClCompile>
    <ClCompile Include="src\utils\inputUtil.cpp">
      <Filter>Source Files\utils</Filter>
    </ClCompile>
    <ClCompile Include="src\main\Main.cpp">
      <Filter>Source Files\utils</Filter>
    </ClCompile>
  </ItemGroup>
  <ItemGroup>
    <ClInclude Include="src\control\Camera.h">
      <Filter>Header Files\control</Filter>
    </ClInclude>
    <ClInclude Include="src\file\FileClass.h">
      <Filter>Header Files\file</Filter>
    </ClInclude>
    <ClInclude Include="src\main\Main.h">
      <Filter>Header Files\main</Filter>
    </ClInclude>
    <ClInclude Include="src\video\shader\shaderClass.h">
      <Filter>Header Files\video\shader</Filter>
    </ClInclude>
    <ClInclude Include="src\video\BufferArrays\VAO.h">
      <Filter>Header Files\video\BufferArrays</Filter>
    </ClInclude>
    <ClInclude Include="src\video\BufferObjects\EBO.h">
      <Filter>Header Files\video\BufferObjects</Filter>
    </ClInclude>
    <ClInclude Include="src\video\BufferObjects\VBO.h">
      <Filter>Header Files\video\BufferObjects</Filter>
    </ClInclude>
    <ClInclude Include="src\video\model\Mesh.h">
      <Filter>Header Files\video\model</Filter>
    </ClInclude>
    <ClInclude Include="src\video\model\Model.h">
      <Filter>Header Files\video\model</Filter>
    </ClInclude>
    <ClInclude Include="src\video\model\Texture.h">
      <Filter>Header Files\video\model</Filter>
    </ClInclude>
    <ClInclude Include="src\imgui\imgui_internal.h">
      <Filter>Header Files\imgui</Filter>
    </ClInclude>
    <ClInclude Include="src\imgui\imconfig.h">
      <Filter>Header Files\imgui</Filter>
    </ClInclude>
    <ClInclude Include="src\imgui\imgui.h">
      <Filter>Header Files\imgui</Filter>
    </ClInclude>
    <ClInclude Include="src\imgui\imgui_impl_glfw.h">
      <Filter>Header Files\imgui</Filter>
    </ClInclude>
    <ClInclude Include="src\imgui\imgui_impl_opengl3.h">
      <Filter>Header Files\imgui</Filter>
    </ClInclude>
    <ClInclude Include="src\imgui\imgui_impl_opengl3_loader.h">
      <Filter>Header Files\imgui</Filter>
    </ClInclude>
    <ClInclude Include="src\imgui\imstb_rectpack.h">
      <Filter>Header Files\imgui</Filter>
    </ClInclude>
    <ClInclude Include="src\imgui\imstb_textedit.h">
      <Filter>Header Files\imgui</Filter>
    </ClInclude>
    <ClInclude Include="src\imgui\imstb_truetype.h">
      <Filter>Header Files\imgui</Filter>
    </ClInclude>
    <ClInclude Include="src\utils\UF.h">
      <Filter>Header Files\utils</Filter>
    </ClInclude>
    <ClInclude Include="src\utils\init.h">
      <Filter>Header Files\utils</Filter>
    </ClInclude>
    <ClInclude Include="src\utils\include.h">
      <Filter>Header Files\utils</Filter>
    </ClInclude>
    <ClInclude Include="src\utils\ScreenUtils.h">
      <Filter>Header Files\utils</Filter>
    </ClInclude>
    <ClInclude Include="src\utils\SettingsUtil.h">
      <Filter>Header Files\utils</Filter>
    </ClInclude>
    <ClInclude Include="src\utils\timeUtil.h">
      <Filter>Header Files\utils</Filter>
    </ClInclude>
    <ClInclude Include="src\utils\inputUtil.h">
      <Filter>Header Files\utils</Filter>
    </ClInclude>
  </ItemGroup>
  <ItemGroup>
    <None Include="Shaders\Empty.shader">
      <Filter>Resource Files\Shaders</Filter>
    </None>
    <None Include="Shaders\Main\Default.vert">
      <Filter>Resource Files\Shaders\Main</Filter>
    </None>
    <None Include="Shaders\Main\direcLight.frag">
      <Filter>Resource Files\Shaders\Main</Filter>
    </None>
    <None Include="Shaders\Main\pointLight.frag">
      <Filter>Resource Files\Shaders\Main</Filter>
    </None>
    <None Include="Shaders\Main\spotLight.frag">
      <Filter>Resource Files\Shaders\Main</Filter>
    </None>
    <None Include="Shaders\Db\Depth.frag">
      <Filter>Resource Files\Shaders\Db</Filter>
    </None>
    <None Include="Shaders\Db\light.frag">
      <Filter>Resource Files\Shaders\Db</Filter>
    </None>
    <None Include="Shaders\Db\light.vert">
      <Filter>Resource Files\Shaders\Db</Filter>
    </None>
    <None Include="Shaders\Db\unShaded.frag">
      <Filter>Resource Files\Shaders\Db</Filter>
    </None>
    <None Include="Shaders\Main\outlining.frag">
      <Filter>Resource Files\Shaders\Main</Filter>
    </None>
    <None Include="Shaders\Main\outlining.vert">
      <Filter>Resource Files\Shaders\Main</Filter>
    </None>
    <None Include="Settings\imgui.ini">
      <Filter>Text Files\Text</Filter>
    </None>
    <None Include="Keybinds.ReadMe">
      <Filter>Text Files\Text</Filter>
    </None>
    <None Include="Shaders\ShaderList.json">
      <Filter>Resource Files</Filter>
    </None>
    <None Include="Settings\imguiPanels.json">
      <Filter>Text Files\Text</Filter>
    </None>
    <None Include="Settings\Settings.json">
      <Filter>Text Files\Text</Filter>
    </None>
    <None Include="Shaders\Main\framebuffer.frag">
      <Filter>Resource Files\Shaders\Main</Filter>
    </None>
    <None Include="Shaders\Main\framebuffer.vert">
      <Filter>Resource Files\Shaders\Main</Filter>
    </None>
    <None Include="Shaders\Main\TieDyeframebuffer.frag">
      <Filter>Resource Files\Shaders\Main</Filter>
    </None>
    <None Include="Shaders\Main\DITHERFB.frag">
      <Filter>Resource Files\Shaders\Main</Filter>
    </None>
    <None Include="Shaders\Main\4bitToDither.frag">
      <Filter>Resource Files\Shaders\Main</Filter>
    </None>
    <None Include="Shaders\Main\skybox.frag">
      <Filter>Resource Files\Shaders\Main</Filter>
    </None>
    <None Include="Shaders\Main\skybox.vert">
      <Filter>Resource Files\Shaders\Main</Filter>
    </None>
  </ItemGroup>
</Project>