<?xml version="1.0" encoding="utf-8"?>
<Project ToolsVersion="4.0" xmlns="http://schemas.microsoft.com/developer/msbuild/2003">
  <ItemGroup>
    <Filter Include="Resource Files">
      <UniqueIdentifier>{67DA6AB6-F800-4c08-8B7A-83BB121AAD01}</UniqueIdentifier>
      <Extensions>rc;ico;cur;bmp;dlg;rc2;rct;bin;rgs;gif;jpg;jpeg;jpe;resx;tiff;tif;png;wav;mfcribbon-ms</Extensions>
    </Filter>
    <Filter Include="src">
      <UniqueIdentifier>{6068e48a-d111-4f34-8277-e62039207fc5}</UniqueIdentifier>
    </Filter>
    <Filter Include="src\Camera">
      <UniqueIdentifier>{5518a519-849a-42bf-a4b4-122bcedbdfd7}</UniqueIdentifier>
    </Filter>
    <Filter Include="src\Render">
      <UniqueIdentifier>{98e07985-015c-418e-b754-26beaf7664f2}</UniqueIdentifier>
    </Filter>
    <Filter Include="src\Render\Shader">
      <UniqueIdentifier>{a10ec773-04b2-444b-8c2b-da8a1ebf1308}</UniqueIdentifier>
    </Filter>
    <Filter Include="src\Render\Buffer">
      <UniqueIdentifier>{6fc961bd-ce5d-4918-a0c5-963435c987fe}</UniqueIdentifier>
    </Filter>
    <Filter Include="src\utils">
      <UniqueIdentifier>{b5fe011a-526e-40ba-bd02-3a0f1eaa4bac}</UniqueIdentifier>
    </Filter>
    <Filter Include="Resource Files\settings">
      <UniqueIdentifier>{51656b18-d3f8-4a06-9b4c-e04e4f1baa3d}</UniqueIdentifier>
    </Filter>
    <Filter Include="Resource Files\imgui">
      <UniqueIdentifier>{126a8854-c9e5-4bc2-948d-6001410da2d9}</UniqueIdentifier>
    </Filter>
    <Filter Include="Resource Files\Shaders">
      <UniqueIdentifier>{79bdc380-f509-40f0-955b-b3704bf95f45}</UniqueIdentifier>
    </Filter>
    <Filter Include="Resource Files\Shaders\Db">
      <UniqueIdentifier>{20b5557a-530c-429f-b02b-1a2ef8cafcbc}</UniqueIdentifier>
    </Filter>
    <Filter Include="Resource Files\Shaders\Lighting">
      <UniqueIdentifier>{68973aa0-8d3c-44bd-97d7-a544a9e59406}</UniqueIdentifier>
    </Filter>
    <Filter Include="src\Render\window">
      <UniqueIdentifier>{8698ad57-7501-45ad-95b0-589b48a33176}</UniqueIdentifier>
    </Filter>
    <Filter Include="Resource Files\ImGuiFileDialog">
      <UniqueIdentifier>{3659b2c4-149e-4884-8ec9-3b15748bbefd}</UniqueIdentifier>
    </Filter>
    <Filter Include="Resource Files\ImGuizmo">
      <UniqueIdentifier>{df62e9b4-9a19-4bc6-a8f2-f95807413273}</UniqueIdentifier>
    </Filter>
    <Filter Include="src\Render\Object">
      <UniqueIdentifier>{b99da5f8-89b6-4062-be62-907fb66e4d80}</UniqueIdentifier>
    </Filter>
    <Filter Include="src\Editor">
      <UniqueIdentifier>{01e7f393-db18-4f2d-a419-7d539e17b6c5}</UniqueIdentifier>
    </Filter>
    <Filter Include="src\Gameplay">
      <UniqueIdentifier>{82a4a4fe-29b3-4563-bf12-a34aeed40114}</UniqueIdentifier>
    </Filter>
    <Filter Include="src\Scene">
      <UniqueIdentifier>{75f12dba-b33f-490b-a604-91789730a455}</UniqueIdentifier>
    </Filter>
    <Filter Include="src\Scripting">
      <UniqueIdentifier>{a1725715-fe60-4b6f-86ec-33c9614696e9}</UniqueIdentifier>
    </Filter>
    <Filter Include="src\Sound">
      <UniqueIdentifier>{70328509-e4eb-4a1b-8ed7-6745e3a5a520}</UniqueIdentifier>
    </Filter>
    <Filter Include="src\Systems">
      <UniqueIdentifier>{68e022e2-8a12-4dba-91a4-a91325c0d3f4}</UniqueIdentifier>
    </Filter>
    <Filter Include="src\UI">
      <UniqueIdentifier>{51265d92-11f6-4c9e-ac71-da19bf342ee5}</UniqueIdentifier>
    </Filter>
    <Filter Include="src\Editor\UI">
      <UniqueIdentifier>{4fa1c4c4-23a6-4112-adcd-9006a71e54d5}</UniqueIdentifier>
    </Filter>
    <Filter Include="src\Editor\util">
      <UniqueIdentifier>{27d2e236-7e05-481c-9526-cd472c30ced7}</UniqueIdentifier>
    </Filter>
    <Filter Include="src\Editor\UI\ImGui">
      <UniqueIdentifier>{c6fff881-c620-4ba2-b302-21a5222edbc6}</UniqueIdentifier>
    </Filter>
    <Filter Include="src\Editor\UI\ImGui\ImGuiInclude">
      <UniqueIdentifier>{53afeb94-f6aa-4ec3-a4e1-a0f6853bf31a}</UniqueIdentifier>
    </Filter>
    <Filter Include="src\Render\Cube">
      <UniqueIdentifier>{5bbae67a-1797-4edb-9180-3914ab09c95a}</UniqueIdentifier>
    </Filter>
    <Filter Include="src\Render\passes">
      <UniqueIdentifier>{2cdb6102-233f-4bf0-8212-772fe6907472}</UniqueIdentifier>
    </Filter>
    <Filter Include="src\Render\passes\dbg">
      <UniqueIdentifier>{c2b1747f-3dd5-49b1-a9fd-658c46407af1}</UniqueIdentifier>
    </Filter>
    <Filter Include="src\Render\passes\geometry">
      <UniqueIdentifier>{3dcc775f-2ba3-48dc-9d52-4332f606903e}</UniqueIdentifier>
    </Filter>
    <Filter Include="src\Render\passes\lighting">
      <UniqueIdentifier>{a5694e7a-e806-4afa-9552-f13899d033ac}</UniqueIdentifier>
    </Filter>
    <Filter Include="src\Render\passes\post">
      <UniqueIdentifier>{0db5f33b-3ccb-4089-a129-8cc94ca24e02}</UniqueIdentifier>
    </Filter>
    <Filter Include="src\Scene\Object">
      <UniqueIdentifier>{023de2f3-8c7b-412c-ace3-77c79177974c}</UniqueIdentifier>
    </Filter>
    <Filter Include="src\Scripting\Functions">
      <UniqueIdentifier>{274736a7-9b6f-49cd-8aa7-3bc2f2c5a8f9}</UniqueIdentifier>
    </Filter>
    <Filter Include="src\Scripting\Functions\Player">
      <UniqueIdentifier>{1d882010-44c9-49e6-80fe-d94eddf1aec1}</UniqueIdentifier>
    </Filter>
    <Filter Include="src\Scripting\Functions\Screen">
      <UniqueIdentifier>{747f273e-1119-475c-b299-8b09db7da33e}</UniqueIdentifier>
    </Filter>
    <Filter Include="src\Systems\util">
      <UniqueIdentifier>{a30b8c43-b8fb-4a52-a8e9-cd033a7a7203}</UniqueIdentifier>
    </Filter>
    <Filter Include="src\Systems\Physics">
      <UniqueIdentifier>{4cb131e6-3089-4ee0-abc2-dc6959282256}</UniqueIdentifier>
    </Filter>
    <Filter Include="src\Editor\core">
      <UniqueIdentifier>{82b0a6da-ca65-40ad-b7b4-097700264782}</UniqueIdentifier>
    </Filter>
    <Filter Include="src\Editor\core\File">
      <UniqueIdentifier>{645472c5-b5b1-4bc8-87ce-66b5e8bba3ee}</UniqueIdentifier>
    </Filter>
    <Filter Include="Resource Files\Shaders\compute">
      <UniqueIdentifier>{263dd682-99af-4cbc-9ef1-a33c9f403d77}</UniqueIdentifier>
    </Filter>
    <Filter Include="Resource Files\Shaders\post">
      <UniqueIdentifier>{9bcccdd6-0266-446c-810d-e2693586f23b}</UniqueIdentifier>
    </Filter>
    <Filter Include="Resource Files\Shaders\sybox">
      <UniqueIdentifier>{b0980722-2815-40f1-9472-8e576559127c}</UniqueIdentifier>
    </Filter>
    <Filter Include="Resource Files\Shaders\Gbuffer">
      <UniqueIdentifier>{ca83d10f-ea02-4410-a40a-5987708c6303}</UniqueIdentifier>
    </Filter>
    <Filter Include="src\Render\Handler">
      <UniqueIdentifier>{9f29c94a-f4d2-4a51-9c9b-921d55767559}</UniqueIdentifier>
    </Filter>
  </ItemGroup>
  <ItemGroup>
    <ClCompile Include="src\Render\shader\ShaderClass.cpp">
      <Filter>src\Render\Shader</Filter>
    </ClCompile>
    <ClCompile Include="src\Render\Buffer\EBO.cpp">
      <Filter>src\Render\Buffer</Filter>
    </ClCompile>
    <ClCompile Include="src\Render\Buffer\VAO.cpp">
      <Filter>src\Render\Buffer</Filter>
    </ClCompile>
    <ClCompile Include="src\camera\Camera.cpp">
      <Filter>src\Camera</Filter>
    </ClCompile>
    <ClCompile Include="src\utils\ScreenUtils.cpp">
      <Filter>src\utils</Filter>
    </ClCompile>
    <ClCompile Include="src\utils\timeUtil.cpp">
      <Filter>src\utils</Filter>
    </ClCompile>
    <ClCompile Include="src\Core\Main.cpp">
      <Filter>src\Editor\core</Filter>
    </ClCompile>
    <ClCompile Include="src\Render\Buffer\VBO.cpp">
      <Filter>src\Render\Buffer</Filter>
    </ClCompile>
    <ClCompile Include="src\Render\window\WindowHandler.cpp">
      <Filter>src\Render\window</Filter>
    </ClCompile>
    <ClCompile Include="..\..\..\ImGuiFileDialog\ImGuiFileDialog.cpp">
      <Filter>Resource Files\ImGuiFileDialog</Filter>
    </ClCompile>
    <ClCompile Include="src\Libraries\include\imgui\imgui.cpp">
      <Filter>Resource Files\imgui</Filter>
    </ClCompile>
    <ClCompile Include="src\Libraries\include\imgui\imgui_demo.cpp">
      <Filter>Resource Files\imgui</Filter>
    </ClCompile>
    <ClCompile Include="src\Libraries\include\imgui\imgui_draw.cpp">
      <Filter>Resource Files\imgui</Filter>
    </ClCompile>
    <ClCompile Include="src\Libraries\include\imgui\imgui_impl_opengl3.cpp">
      <Filter>Resource Files\imgui</Filter>
    </ClCompile>
    <ClCompile Include="src\Libraries\include\imgui\imgui_tables.cpp">
      <Filter>Resource Files\imgui</Filter>
    </ClCompile>
    <ClCompile Include="src\Libraries\include\imgui\imgui_widgets.cpp">
      <Filter>Resource Files\imgui</Filter>
    </ClCompile>
    <ClCompile Include="src\Libraries\include\imgui\imgui_impl_glfw.cpp">
      <Filter>Resource Files\imgui</Filter>
    </ClCompile>
    <ClCompile Include="src\Libraries\include\ImGuizmo\GraphEditor.cpp">
      <Filter>Resource Files\ImGuizmo</Filter>
    </ClCompile>
    <ClCompile Include="src\Libraries\include\ImGuizmo\ImCurveEdit.cpp">
      <Filter>Resource Files\ImGuizmo</Filter>
    </ClCompile>
    <ClCompile Include="src\Libraries\include\ImGuizmo\ImGradient.cpp">
      <Filter>Resource Files\ImGuizmo</Filter>
    </ClCompile>
    <ClCompile Include="src\Libraries\include\ImGuizmo\ImGuizmo.cpp">
      <Filter>Resource Files\ImGuizmo</Filter>
    </ClCompile>
    <ClCompile Include="src\Libraries\include\ImGuizmo\ImSequencer.cpp">
      <Filter>Resource Files\ImGuizmo</Filter>
    </ClCompile>
    <ClCompile Include="src\Render\Object\Texture.cpp">
      <Filter>src\Render\Object</Filter>
    </ClCompile>
    <ClCompile Include="src\Render\Object\stb.cpp">
      <Filter>src\Render\Object</Filter>
    </ClCompile>
    <ClCompile Include="src\Render\Object\ModelAssimp.cpp">
      <Filter>src\Render\Object</Filter>
    </ClCompile>
    <ClCompile Include="src\Render\Object\Mesh.cpp">
      <Filter>src\Render\Object</Filter>
    </ClCompile>
    <ClCompile Include="src\utils\FE_math.cpp">
      <Filter>src\utils</Filter>
    </ClCompile>
    <ClCompile Include="src\Core\File\File.cpp">
      <Filter>src\Editor\core\File</Filter>
    </ClCompile>
    <ClCompile Include="src\Core\Render.cpp">
      <Filter>src\Editor\core</Filter>
    </ClCompile>
    <ClCompile Include="src\Editor\UI\ImGui\FE_ImGui.cpp">
      <Filter>src\Editor\UI\ImGui</Filter>
    </ClCompile>
    <ClCompile Include="src\Editor\UI\ImGui\ImGuiWindow.cpp">
      <Filter>src\Editor\UI\ImGui</Filter>
    </ClCompile>
    <ClCompile Include="src\Editor\UI\ImGui\OpenSceneWindow.cpp">
      <Filter>src\Editor\UI\ImGui</Filter>
    </ClCompile>
    <ClCompile Include="src\Editor\UI\ImGui\ImGuiInclude\EcsInspector.cpp">
      <Filter>src\Editor\UI\ImGui\ImGuiInclude</Filter>
    </ClCompile>
    <ClCompile Include="src\Gameplay\Player.cpp">
      <Filter>src\Gameplay</Filter>
    </ClCompile>
    <ClCompile Include="src\Render\Shader\FramebufferObject.cpp">
      <Filter>src\Render\Shader</Filter>
    </ClCompile>
    <ClCompile Include="src\Render\Shader\Material.cpp">
      <Filter>src\Render\Shader</Filter>
    </ClCompile>
    <ClCompile Include="src\Render\Shader\Framebuffer.cpp">
      <Filter>src\Render\Shader</Filter>
    </ClCompile>
    <ClCompile Include="src\Render\Object\Cubemap.cpp">
      <Filter>src\Render\Object</Filter>
    </ClCompile>
    <ClCompile Include="src\Render\Object\line.cpp">
      <Filter>src\Render\Object</Filter>
    </ClCompile>
    <ClCompile Include="src\Render\Object\Billboard.cpp">
      <Filter>src\Render\Object</Filter>
    </ClCompile>
    <ClCompile Include="src\Render\Object\SkyBox.cpp">
      <Filter>src\Render\Object</Filter>
    </ClCompile>
    <ClCompile Include="src\Render\Object\RenderQuad.cpp">
      <Filter>src\Render\Object</Filter>
    </ClCompile>
    <ClCompile Include="src\Render\passes\post\denoise.cpp">
      <Filter>src\Render\passes\post</Filter>
    </ClCompile>
    <ClCompile Include="src\Render\passes\lighting\raytracer.cpp">
      <Filter>src\Render\passes\lighting</Filter>
    </ClCompile>
    <ClCompile Include="src\Render\passes\geometry\geometryPass.cpp">
      <Filter>src\Render\passes\geometry</Filter>
    </ClCompile>
    <ClCompile Include="src\Render\Cube\CubeVisualizer.cpp">
      <Filter>src\Render\Cube</Filter>
    </ClCompile>
    <ClCompile Include="src\Scene\Object\Entity.cpp">
      <Filter>src\Scene\Object</Filter>
    </ClCompile>
    <ClCompile Include="src\Scene\LightingHandler.cpp">
      <Filter>src\Scene</Filter>
    </ClCompile>
    <ClCompile Include="src\Scene\ObjectManager.cpp">
      <Filter>src\Scene</Filter>
    </ClCompile>
    <ClCompile Include="src\Scene\scene.cpp">
      <Filter>src\Scene</Filter>
    </ClCompile>
    <ClCompile Include="src\Scene\tempscene.cpp">
      <Filter>src\Scene</Filter>
    </ClCompile>
    <ClCompile Include="src\Scripting\Functions\Screen\LuaScreen.cpp">
      <Filter>src\Scripting\Functions\Screen</Filter>
    </ClCompile>
    <ClCompile Include="src\Scripting\Functions\Player\LuaCamera.cpp">
      <Filter>src\Scripting\Functions\Player</Filter>
    </ClCompile>
    <ClCompile Include="src\Sound\SoundRunner.cpp">
      <Filter>src\Sound</Filter>
    </ClCompile>
    <ClCompile Include="src\Sound\SoundProgram.cpp">
      <Filter>src\Sound</Filter>
    </ClCompile>
    <ClCompile Include="src\Systems\util\UUID.cpp">
      <Filter>src\Systems\util</Filter>
    </ClCompile>
    <ClCompile Include="src\Systems\Physics\Collision.cpp">
      <Filter>src\Systems\Physics</Filter>
    </ClCompile>
    <ClCompile Include="src\utils\logConsole.cpp">
      <Filter>src\utils</Filter>
    </ClCompile>
    <ClCompile Include="src\utils\noise.cpp">
      <Filter>src\utils</Filter>
    </ClCompile>
    <ClCompile Include="src\Systems\Physics\BVH.cpp">
      <Filter>src\Systems\Physics</Filter>
    </ClCompile>
    <ClCompile Include="src\Core\gl.c">
      <Filter>src\Editor\core</Filter>
    </ClCompile>
    <ClCompile Include="src\Render\passes\post\ssao.cpp">
      <Filter>src\Render\passes\post</Filter>
    </ClCompile>
    <ClCompile Include="src\Render\Handler\TextureMapManager.cpp">
      <Filter>src\Render\Handler</Filter>
    </ClCompile>
    <ClCompile Include="src\Render\Handler\RenderHandler.cpp">
      <Filter>src\Render\Handler</Filter>
    </ClCompile>
    <ClCompile Include="src\Render\Handler\ShaderHandler.cpp">
      <Filter>src\Render\Handler</Filter>
    </ClCompile>
    <ClCompile Include="src\Scripting\ScriptObject.cpp">
      <Filter>src\Scripting</Filter>
    </ClCompile>
    <ClCompile Include="src\Scene\ProbeHandler.cpp">
      <Filter>src\Scene</Filter>
    </ClCompile>
    <ClCompile Include="src\Systems\util\relationshipManager.cpp">
      <Filter>src\Systems\util</Filter>
    </ClCompile>
  </ItemGroup>
  <ItemGroup>
    <ClInclude Include="src\camera\Camera.h">
      <Filter>src\Camera</Filter>
    </ClInclude>
    <ClInclude Include="src\utils\ScreenUtils.h">
      <Filter>src\utils</Filter>
    </ClInclude>
    <ClInclude Include="src\utils\timeUtil.h">
      <Filter>src\utils</Filter>
    </ClInclude>
    <ClInclude Include="src\Core\Main.h">
      <Filter>src\Editor\core</Filter>
    </ClInclude>
    <ClInclude Include="src\Render\shader\shaderClass.h">
      <Filter>src\Render\Shader</Filter>
    </ClInclude>
    <ClInclude Include="src\Render\Buffer\EBO.h">
      <Filter>src\Render\Buffer</Filter>
    </ClInclude>
    <ClInclude Include="src\Render\Buffer\VAO.h">
      <Filter>src\Render\Buffer</Filter>
    </ClInclude>
    <ClInclude Include="src\Render\Buffer\VBO.h">
      <Filter>src\Render\Buffer</Filter>
    </ClInclude>
    <ClInclude Include="src\Render\window\WindowHandler.h">
      <Filter>src\Render\window</Filter>
    </ClInclude>
    <ClInclude Include="..\..\..\ImGuiFileDialog\ImGuiFileDialog.h">
      <Filter>Resource Files\ImGuiFileDialog</Filter>
    </ClInclude>
    <ClInclude Include="..\..\..\ImGuiFileDialog\ImGuiFileDialogConfig.h">
      <Filter>Resource Files\ImGuiFileDialog</Filter>
    </ClInclude>
    <ClInclude Include="src\Libraries\include\imgui\imconfig.h">
      <Filter>Resource Files\imgui</Filter>
    </ClInclude>
    <ClInclude Include="src\Libraries\include\imgui\imgui.h">
      <Filter>Resource Files\imgui</Filter>
    </ClInclude>
    <ClInclude Include="src\Libraries\include\imgui\imgui_impl_glfw.h">
      <Filter>Resource Files\imgui</Filter>
    </ClInclude>
    <ClInclude Include="src\Libraries\include\imgui\imgui_impl_opengl3.h">
      <Filter>Resource Files\imgui</Filter>
    </ClInclude>
    <ClInclude Include="src\Libraries\include\imgui\imgui_impl_opengl3_loader.h">
      <Filter>Resource Files\imgui</Filter>
    </ClInclude>
    <ClInclude Include="src\Libraries\include\imgui\imgui_internal.h">
      <Filter>Resource Files\imgui</Filter>
    </ClInclude>
    <ClInclude Include="src\Libraries\include\imgui\imstb_rectpack.h">
      <Filter>Resource Files\imgui</Filter>
    </ClInclude>
    <ClInclude Include="src\Libraries\include\imgui\imstb_textedit.h">
      <Filter>Resource Files\imgui</Filter>
    </ClInclude>
    <ClInclude Include="src\Libraries\include\imgui\imstb_truetype.h">
      <Filter>Resource Files\imgui</Filter>
    </ClInclude>
    <ClInclude Include="src\Libraries\include\ImGuizmo\GraphEditor.h">
      <Filter>Resource Files\ImGuizmo</Filter>
    </ClInclude>
    <ClInclude Include="src\Libraries\include\ImGuizmo\ImCurveEdit.h">
      <Filter>Resource Files\ImGuizmo</Filter>
    </ClInclude>
    <ClInclude Include="src\Libraries\include\ImGuizmo\ImGradient.h">
      <Filter>Resource Files\ImGuizmo</Filter>
    </ClInclude>
    <ClInclude Include="src\Libraries\include\ImGuizmo\ImGuizmo.h">
      <Filter>Resource Files\ImGuizmo</Filter>
    </ClInclude>
    <ClInclude Include="src\Libraries\include\ImGuizmo\ImSequencer.h">
      <Filter>Resource Files\ImGuizmo</Filter>
    </ClInclude>
    <ClInclude Include="src\Libraries\include\ImGuizmo\ImZoomSlider.h">
      <Filter>Resource Files\ImGuizmo</Filter>
    </ClInclude>
    <ClInclude Include="src\Libraries\include\ImGuizmo\ImApp.h">
      <Filter>Resource Files\ImGuizmo</Filter>
    </ClInclude>
    <ClInclude Include="src\Render\Object\Texture.h">
      <Filter>src\Render\Object</Filter>
    </ClInclude>
    <ClInclude Include="src\Render\Object\ModelAssimp.h">
      <Filter>src\Render\Object</Filter>
    </ClInclude>
    <ClInclude Include="src\Render\Object\Mesh.h">
      <Filter>src\Render\Object</Filter>
    </ClInclude>
    <ClInclude Include="src\utils\FE_math.h">
      <Filter>src\utils</Filter>
    </ClInclude>
    <ClInclude Include="src\Core\File\File.h">
      <Filter>src\Editor\core\File</Filter>
    </ClInclude>
    <ClInclude Include="src\Core\Render.h">
      <Filter>src\Editor\core</Filter>
    </ClInclude>
    <ClInclude Include="src\Editor\UI\ImGui\FE_ImGui.h">
      <Filter>src\Editor\UI\ImGui</Filter>
    </ClInclude>
    <ClInclude Include="src\Editor\UI\ImGui\ImGuiInclude.h">
      <Filter>src\Editor\UI\ImGui</Filter>
    </ClInclude>
    <ClInclude Include="src\Editor\UI\ImGui\ImGuiWindow.h">
      <Filter>src\Editor\UI\ImGui</Filter>
    </ClInclude>
    <ClInclude Include="src\Editor\UI\ImGui\OpenSceneWindow.h">
      <Filter>src\Editor\UI\ImGui</Filter>
    </ClInclude>
    <ClInclude Include="src\Editor\UI\ImGui\ImGuiInclude\EcsInspector.h">
      <Filter>src\Editor\UI\ImGui\ImGuiInclude</Filter>
    </ClInclude>
    <ClInclude Include="src\Gameplay\Player.h">
      <Filter>src\Gameplay</Filter>
    </ClInclude>
    <ClInclude Include="src\Render\Shader\FramebufferObject.h">
      <Filter>src\Render\Shader</Filter>
    </ClInclude>
    <ClInclude Include="src\Render\Shader\Material.h">
      <Filter>src\Render\Shader</Filter>
    </ClInclude>
    <ClInclude Include="src\Render\Shader\Framebuffer.h">
      <Filter>src\Render\Shader</Filter>
    </ClInclude>
    <ClInclude Include="src\Render\Object\Cubemap.h">
      <Filter>src\Render\Object</Filter>
    </ClInclude>
    <ClInclude Include="src\Render\Object\line.h">
      <Filter>src\Render\Object</Filter>
    </ClInclude>
    <ClInclude Include="src\Render\Object\Billboard.h">
      <Filter>src\Render\Object</Filter>
    </ClInclude>
    <ClInclude Include="src\Render\Object\RenderQuad.h">
      <Filter>src\Render\Object</Filter>
    </ClInclude>
    <ClInclude Include="src\Render\Object\SkyBox.h">
      <Filter>src\Render\Object</Filter>
    </ClInclude>
    <ClInclude Include="src\Render\passes\post\denoise.h">
      <Filter>src\Render\passes\post</Filter>
    </ClInclude>
    <ClInclude Include="src\Render\passes\lighting\raytracer.h">
      <Filter>src\Render\passes\lighting</Filter>
    </ClInclude>
    <ClInclude Include="src\Render\passes\geometry\geometryPass.h">
      <Filter>src\Render\passes\geometry</Filter>
    </ClInclude>
    <ClInclude Include="src\Render\Cube\CubeVisualizer.h">
      <Filter>src\Render\Cube</Filter>
    </ClInclude>
    <ClInclude Include="src\Scene\Object\Entity.h">
      <Filter>src\Scene\Object</Filter>
    </ClInclude>
    <ClInclude Include="src\Scene\LightingHandler.h">
      <Filter>src\Scene</Filter>
    </ClInclude>
    <ClInclude Include="src\Scene\ObjectManager.h">
      <Filter>src\Scene</Filter>
    </ClInclude>
    <ClInclude Include="src\Scene\scene.h">
      <Filter>src\Scene</Filter>
    </ClInclude>
    <ClInclude Include="src\Scene\tempscene.h">
      <Filter>src\Scene</Filter>
    </ClInclude>
    <ClInclude Include="src\Scripting\Functions\ScriptIncludes.h">
      <Filter>src\Scripting\Functions</Filter>
    </ClInclude>
    <ClInclude Include="src\Scripting\Functions\Screen\LuaScreen.h">
      <Filter>src\Scripting\Functions\Screen</Filter>
    </ClInclude>
    <ClInclude Include="src\Scripting\Functions\Player\LuaCamera.h">
      <Filter>src\Scripting\Functions\Player</Filter>
    </ClInclude>
    <ClInclude Include="src\Sound\SoundProgram.h">
      <Filter>src\Sound</Filter>
    </ClInclude>
    <ClInclude Include="src\Sound\SoundRunner.h">
      <Filter>src\Sound</Filter>
    </ClInclude>
    <ClInclude Include="src\Systems\util\UUID.h">
      <Filter>src\Systems\util</Filter>
    </ClInclude>
    <ClInclude Include="src\Systems\Physics\Collision.h">
      <Filter>src\Systems\Physics</Filter>
    </ClInclude>
    <ClInclude Include="src\utils\logConsole.h">
      <Filter>src\utils</Filter>
    </ClInclude>
    <ClInclude Include="src\utils\noise.h">
      <Filter>src\utils</Filter>
    </ClInclude>
    <ClInclude Include="src\Systems\Physics\BVH.h">
      <Filter>src\Systems\Physics</Filter>
    </ClInclude>
    <ClInclude Include="src\Render\passes\post\ssao.h">
      <Filter>src\Render\passes\post</Filter>
    </ClInclude>
    <ClInclude Include="src\Render\Handler\RenderHandler.h">
      <Filter>src\Render\Handler</Filter>
    </ClInclude>
    <ClInclude Include="src\Render\Handler\TextureMapManager.h">
      <Filter>src\Render\Handler</Filter>
    </ClInclude>
    <ClInclude Include="src\Render\Handler\ShaderHandler.h">
      <Filter>src\Render\Handler</Filter>
    </ClInclude>
    <ClInclude Include="src\Scripting\ScriptObject.h">
      <Filter>src\Scripting</Filter>
    </ClInclude>
    <ClInclude Include="src\Scene\ProbeHandler.h">
      <Filter>src\Scene</Filter>
    </ClInclude>
    <ClInclude Include="src\Systems\util\relationshipManager.h">
      <Filter>src\Systems\util</Filter>
    </ClInclude>
  </ItemGroup>
  <ItemGroup>
    <None Include="Settings\Settings.json">
      <Filter>Resource Files\settings</Filter>
    </None>
    <None Include="src\Libraries\include\ImGuizmo\LICENSE">
      <Filter>Resource Files\ImGuizmo</Filter>
    </None>
    <None Include="Assets\Shaders\Db\RenderQuad.frag">
      <Filter>Resource Files\Shaders\Db</Filter>
    </None>
    <None Include="Assets\Shaders\Db\RenderQuad.vert">
      <Filter>Resource Files\Shaders\Db</Filter>
    </None>
    <None Include="Assets\Shaders\Lighting\albedo.frag">
      <Filter>Resource Files\Shaders\Lighting</Filter>
    </None>
    <None Include="Assets\Shaders\Lighting\Default.vert">
      <Filter>Resource Files\Shaders\Lighting</Filter>
    </None>
    <None Include="Assets\Shaders\compute\denoise.comp">
      <Filter>Resource Files\Shaders\compute</Filter>
    </None>
    <None Include="Assets\Shaders\compute\emptycomputeShader.comp">
      <Filter>Resource Files\Shaders\compute</Filter>
    </None>
    <None Include="Assets\Shaders\compute\Raytrace.comp">
      <Filter>Resource Files\Shaders\compute</Filter>
    </None>
    <None Include="Assets\Shaders\compute\viewmatrix.comp">
      <Filter>Resource Files\Shaders\compute</Filter>
    </None>
    <None Include="Assets\Shaders\Db\ComputeRenderQuad.frag">
      <Filter>Resource Files\Shaders\Db</Filter>
    </None>
    <None Include="Assets\Shaders\Db\line.frag">
      <Filter>Resource Files\Shaders\Db</Filter>
    </None>
    <None Include="Assets\Shaders\Db\line.vert">
      <Filter>Resource Files\Shaders\Db</Filter>
    </None>
    <None Include="Assets\Shaders\Db\OrangeHitbox.frag">
      <Filter>Resource Files\Shaders\Db</Filter>
    </None>
    <None Include="Assets\Shaders\Db\solidColour.frag">
      <Filter>Resource Files\Shaders\Db</Filter>
    </None>
    <None Include="Assets\Shaders\Db\VertexViewer.frag">
      <Filter>Resource Files\Shaders\Db</Filter>
    </None>
    <None Include="Assets\Shaders\Db\VertexViewer.vert">
      <Filter>Resource Files\Shaders\Db</Filter>
    </None>
    <None Include="Assets\Shaders\Db\VerticeViewer.geom">
      <Filter>Resource Files\Shaders\Db</Filter>
    </None>
    <None Include="Assets\Shaders\Db\VerticeViewer.vert">
      <Filter>Resource Files\Shaders\Db</Filter>
    </None>
    <None Include="Assets\Shaders\Db\BillBoard.frag">
      <Filter>Resource Files\Shaders\Db</Filter>
    </None>
    <None Include="Assets\Shaders\Db\BillBoard.vert">
      <Filter>Resource Files\Shaders\Db</Filter>
    </None>
    <None Include="Assets\Shaders\Db\BillBoardSM.frag">
      <Filter>Resource Files\Shaders\Db</Filter>
    </None>
    <None Include="Assets\Shaders\Db\BillBoardSM.vert">
      <Filter>Resource Files\Shaders\Db</Filter>
    </None>
    <None Include="Assets\Shaders\Lighting\combined.frag">
      <Filter>Resource Files\Shaders\Lighting</Filter>
    </None>
    <None Include="Assets\Shaders\Lighting\Default.geom">
      <Filter>Resource Files\Shaders\Lighting</Filter>
    </None>
    <None Include="Assets\Shaders\Lighting\DefaultGeom.vert">
      <Filter>Resource Files\Shaders\Lighting</Filter>
    </None>
    <None Include="Assets\Shaders\Lighting\depth.frag">
      <Filter>Resource Files\Shaders\Lighting</Filter>
    </None>
    <None Include="Assets\Shaders\Lighting\geomfur.geom">
      <Filter>Resource Files\Shaders\Lighting</Filter>
    </None>
    <None Include="Assets\Shaders\Lighting\NormalView.frag">
      <Filter>Resource Files\Shaders\Lighting</Filter>
    </None>
    <None Include="Assets\Shaders\Lighting\PS1.vert">
      <Filter>Resource Files\Shaders\Lighting</Filter>
    </None>
    <None Include="Assets\Shaders\Lighting\shadowMap.frag">
      <Filter>Resource Files\Shaders\Lighting</Filter>
    </None>
    <None Include="Assets\Shaders\Lighting\shadowMap.vert">
      <Filter>Resource Files\Shaders\Lighting</Filter>
    </None>
    <None Include="Assets\Shaders\Lighting\SpecularView.frag">
      <Filter>Resource Files\Shaders\Lighting</Filter>
    </None>
    <None Include="Assets\Shaders\Lighting\Wobble.vert">
      <Filter>Resource Files\Shaders\Lighting</Filter>
    </None>
    <None Include="Assets\Shaders\Lighting\albedoGeom.frag">
      <Filter>Resource Files\Shaders\Lighting</Filter>
    </None>
    <None Include="Assets\Shaders\PostProcess\framebuffer.vert">
      <Filter>Resource Files\Shaders\post</Filter>
    </None>
    <None Include="Assets\Shaders\PostProcess\framebuffer.frag">
      <Filter>Resource Files\Shaders\post</Filter>
    </None>
    <None Include="Assets\Shaders\Skybox\skybox.frag">
      <Filter>Resource Files\Shaders\sybox</Filter>
    </None>
    <None Include="Assets\Shaders\Skybox\skybox.vert">
      <Filter>Resource Files\Shaders\sybox</Filter>
    </None>
    <None Include="Assets\Shaders\Empty.shader">
      <Filter>Resource Files\Shaders</Filter>
    </None>
    <None Include="Assets\Shaders\gBuffer\geometryPassBillBoard.frag">
      <Filter>Resource Files\Shaders\Gbuffer</Filter>
    </None>
    <None Include="Assets\Shaders\gBuffer\geometryPassBillBoard.vert">
      <Filter>Resource Files\Shaders\Gbuffer</Filter>
    </None>
    <None Include="Assets\Shaders\gBuffer\geometryPassGeom.vert">
      <Filter>Resource Files\Shaders\Gbuffer</Filter>
    </None>
    <None Include="Assets\Shaders\gBuffer\geometryPassWobble.vert">
      <Filter>Resource Files\Shaders\Gbuffer</Filter>
    </None>
    <None Include="Assets\Shaders\gBuffer\geometryPass.frag">
      <Filter>Resource Files\Shaders\Gbuffer</Filter>
    </None>
    <None Include="Assets\Shaders\gBuffer\GeometryPass.geom">
      <Filter>Resource Files\Shaders\Gbuffer</Filter>
    </None>
    <None Include="Assets\Shaders\gBuffer\geometryPass.vert">
      <Filter>Resource Files\Shaders\Gbuffer</Filter>
    </None>
    <None Include="Assets\Shaders\compute\ssao.comp">
      <Filter>Resource Files\Shaders\compute</Filter>
    </None>
    <None Include="Assets\Shaders\compute\DenoiseRenderQuad.frag">
      <Filter>Resource Files\Shaders\compute</Filter>
    </None>
    <None Include="Assets\Shaders\Lighting\reflection.frag">
      <Filter>Resource Files\Shaders\Lighting</Filter>
    </None>
  </ItemGroup>
  <ItemGroup>
    <Text Include="src\Libraries\include\imgui\LICENSE.txt">
      <Filter>Resource Files\imgui</Filter>
    </Text>
  </ItemGroup>
</Project>