<?xml version="1.0" encoding="utf-8"?>
<Project ToolsVersion="4.0" xmlns="http://schemas.microsoft.com/developer/msbuild/2003">
  <ItemGroup>
    <Filter Include="Resource Files">
      <UniqueIdentifier>{67DA6AB6-F800-4c08-8B7A-83BB121AAD01}</UniqueIdentifier>
      <Extensions>rc;ico;cur;bmp;dlg;rc2;rct;bin;rgs;gif;jpg;jpeg;jpe;resx;tiff;tif;png;wav;mfcribbon-ms</Extensions>
    </Filter>
    <Filter Include="src">
      <UniqueIdentifier>{6068e48a-d111-4f34-8277-e62039207fc5}</UniqueIdentifier>
    </Filter>
    <Filter Include="src\core">
      <UniqueIdentifier>{82b0a6da-ca65-40ad-b7b4-097700264782}</UniqueIdentifier>
    </Filter>
    <Filter Include="src\Camera">
      <UniqueIdentifier>{5518a519-849a-42bf-a4b4-122bcedbdfd7}</UniqueIdentifier>
    </Filter>
    <Filter Include="src\Render">
      <UniqueIdentifier>{98e07985-015c-418e-b754-26beaf7664f2}</UniqueIdentifier>
    </Filter>
    <Filter Include="src\Render\Model">
      <UniqueIdentifier>{da5d5fd1-0748-4fd1-93d0-970c877e7673}</UniqueIdentifier>
    </Filter>
    <Filter Include="src\Render\Shader">
      <UniqueIdentifier>{a10ec773-04b2-444b-8c2b-da8a1ebf1308}</UniqueIdentifier>
    </Filter>
    <Filter Include="src\Render\Buffer">
      <UniqueIdentifier>{6fc961bd-ce5d-4918-a0c5-963435c987fe}</UniqueIdentifier>
    </Filter>
    <Filter Include="src\Scripting">
      <UniqueIdentifier>{5212ba28-a4f3-45bc-a5d8-1db7767b92e9}</UniqueIdentifier>
    </Filter>
    <Filter Include="src\Scripting\functions">
      <UniqueIdentifier>{946f0760-cc03-4251-aa54-7f6b67b0c46a}</UniqueIdentifier>
    </Filter>
    <Filter Include="src\Scripting\functions\Model">
      <UniqueIdentifier>{0241d877-2240-4af9-9494-02015177f24d}</UniqueIdentifier>
    </Filter>
    <Filter Include="src\Scripting\functions\Screen">
      <UniqueIdentifier>{0f7da3f6-aa0d-44aa-8cdc-eb1a3c4e0ef3}</UniqueIdentifier>
    </Filter>
    <Filter Include="src\Scripting\functions\Shader">
      <UniqueIdentifier>{260acb11-bc07-4b0f-baf2-894de66a45d6}</UniqueIdentifier>
    </Filter>
    <Filter Include="src\Scripting\functions\Input">
      <UniqueIdentifier>{2ae9180a-6503-4392-abcd-db983393c318}</UniqueIdentifier>
    </Filter>
    <Filter Include="src\utils">
      <UniqueIdentifier>{b5fe011a-526e-40ba-bd02-3a0f1eaa4bac}</UniqueIdentifier>
    </Filter>
    <Filter Include="Resource Files\settings">
      <UniqueIdentifier>{51656b18-d3f8-4a06-9b4c-e04e4f1baa3d}</UniqueIdentifier>
    </Filter>
    <Filter Include="Resource Files\UserScripts">
      <UniqueIdentifier>{7968ca2d-4921-4b76-ac28-dd1ea9edb422}</UniqueIdentifier>
    </Filter>
    <Filter Include="Resource Files\imgui">
      <UniqueIdentifier>{126a8854-c9e5-4bc2-948d-6001410da2d9}</UniqueIdentifier>
    </Filter>
    <Filter Include="Resource Files\Shaders">
      <UniqueIdentifier>{79bdc380-f509-40f0-955b-b3704bf95f45}</UniqueIdentifier>
    </Filter>
    <Filter Include="Resource Files\Shaders\Db">
      <UniqueIdentifier>{20b5557a-530c-429f-b02b-1a2ef8cafcbc}</UniqueIdentifier>
    </Filter>
    <Filter Include="Resource Files\Shaders\Post Process">
      <UniqueIdentifier>{4057e73a-f53b-4cb2-9f85-a8deaf84f57f}</UniqueIdentifier>
    </Filter>
    <Filter Include="Resource Files\Shaders\Lighting">
      <UniqueIdentifier>{68973aa0-8d3c-44bd-97d7-a544a9e59406}</UniqueIdentifier>
    </Filter>
    <Filter Include="Resource Files\Shaders\Skybox">
      <UniqueIdentifier>{e96aaa03-9abd-4e46-a63a-bb33a658f71a}</UniqueIdentifier>
    </Filter>
    <Filter Include="src\UI">
      <UniqueIdentifier>{ae2232b3-13c0-48b3-9f18-c55b926f1396}</UniqueIdentifier>
    </Filter>
    <Filter Include="src\UI\ImGui">
      <UniqueIdentifier>{40f461af-3af1-4ee8-903c-1e8fa21ea181}</UniqueIdentifier>
    </Filter>
    <Filter Include="src\Scripting\functions\Player">
      <UniqueIdentifier>{1c395904-ada3-44b2-823d-d7505c7cadd4}</UniqueIdentifier>
    </Filter>
    <Filter Include="src\core\File">
      <UniqueIdentifier>{8876711e-32c6-48f8-a1a0-9590543857ea}</UniqueIdentifier>
    </Filter>
    <Filter Include="src\Sound">
      <UniqueIdentifier>{5dc11c93-5e42-4225-81c4-4e40beb27d2a}</UniqueIdentifier>
    </Filter>
    <Filter Include="src\Scripting\functions\Sound">
      <UniqueIdentifier>{000d8735-3881-4218-bde8-dbbe838582f1}</UniqueIdentifier>
    </Filter>
    <Filter Include="src\Render\Cube">
      <UniqueIdentifier>{7864b883-1de1-427b-91f5-6e8a809cce13}</UniqueIdentifier>
    </Filter>
    <Filter Include="src\Gameplay">
      <UniqueIdentifier>{cdbd80a8-a2ca-49dc-9ca6-613f3b6c6a48}</UniqueIdentifier>
    </Filter>
    <Filter Include="src\Physics">
      <UniqueIdentifier>{07bd4dd7-56dd-4548-9f1e-638f788b53af}</UniqueIdentifier>
    </Filter>
    <Filter Include="Resource Files\Shaders\gBuffer">
      <UniqueIdentifier>{d6d77359-9a36-46f6-b25d-4261aef74e5f}</UniqueIdentifier>
    </Filter>
  </ItemGroup>
  <ItemGroup>
    <ClCompile Include="src\Libraries\include\imgui\imgui_impl_glfw.cpp">
      <Filter>Resource Files\imgui</Filter>
    </ClCompile>
    <ClCompile Include="src\Libraries\include\imgui\imgui_impl_opengl3.cpp">
      <Filter>Resource Files\imgui</Filter>
    </ClCompile>
    <ClCompile Include="src\Libraries\include\imgui\imgui_tables.cpp">
      <Filter>Resource Files\imgui</Filter>
    </ClCompile>
    <ClCompile Include="src\Libraries\include\imgui\imgui_widgets.cpp">
      <Filter>Resource Files\imgui</Filter>
    </ClCompile>
    <ClCompile Include="src\Libraries\include\imgui\imgui.cpp">
      <Filter>Resource Files\imgui</Filter>
    </ClCompile>
    <ClCompile Include="src\Libraries\include\imgui\imgui_demo.cpp">
      <Filter>Resource Files\imgui</Filter>
    </ClCompile>
    <ClCompile Include="src\Libraries\include\imgui\imgui_draw.cpp">
      <Filter>Resource Files\imgui</Filter>
    </ClCompile>
    <ClCompile Include="src\Render\shader\ShaderClass.cpp">
      <Filter>src\Render\Shader</Filter>
    </ClCompile>
    <ClCompile Include="src\Render\model\Mesh.cpp">
      <Filter>src\Render\Model</Filter>
    </ClCompile>
    <ClCompile Include="src\Render\model\Model.cpp">
      <Filter>src\Render\Model</Filter>
    </ClCompile>
    <ClCompile Include="src\Render\model\stb.cpp">
      <Filter>src\Render\Model</Filter>
    </ClCompile>
    <ClCompile Include="src\Render\model\Texture.cpp">
      <Filter>src\Render\Model</Filter>
    </ClCompile>
    <ClCompile Include="src\Render\Buffer\EBO.cpp">
      <Filter>src\Render\Buffer</Filter>
    </ClCompile>
    <ClCompile Include="src\Render\Buffer\VAO.cpp">
      <Filter>src\Render\Buffer</Filter>
    </ClCompile>
    <ClCompile Include="src\Render\Buffer\VBO.cpp">
      <Filter>src\Render\Buffer</Filter>
    </ClCompile>
    <ClCompile Include="src\Render\Shader\Framebuffer.cpp">
      <Filter>src\Render\Shader</Filter>
    </ClCompile>
    <ClCompile Include="src\Render\Shader\Cubemap.cpp">
      <Filter>src\Render\Shader</Filter>
    </ClCompile>
    <ClCompile Include="src\Scripting\ScriptEngine.cpp">
      <Filter>src\Scripting</Filter>
    </ClCompile>
    <ClCompile Include="src\Scripting\ScriptRunner.cpp">
      <Filter>src\Scripting</Filter>
    </ClCompile>
    <ClCompile Include="src\Scripting\Functions\Model\LuaModel.cpp">
      <Filter>src\Scripting\functions\Model</Filter>
    </ClCompile>
    <ClCompile Include="src\Scripting\Functions\Screen\LuaScreen.cpp">
      <Filter>src\Scripting\functions\Screen</Filter>
    </ClCompile>
    <ClCompile Include="src\Scripting\Functions\Shader\LuaShader.cpp">
      <Filter>src\Scripting\functions\Shader</Filter>
    </ClCompile>
    <ClCompile Include="src\Scripting\Functions\Input\LuaGetKey.cpp">
      <Filter>src\Scripting\functions\Input</Filter>
    </ClCompile>
    <ClCompile Include="src\camera\Camera.cpp">
      <Filter>src\Camera</Filter>
    </ClCompile>
    <ClCompile Include="src\utils\init.cpp">
      <Filter>src\utils</Filter>
    </ClCompile>
    <ClCompile Include="src\utils\InputUtil.cpp">
      <Filter>src\utils</Filter>
    </ClCompile>
    <ClCompile Include="src\utils\ScreenUtils.cpp">
      <Filter>src\utils</Filter>
    </ClCompile>
    <ClCompile Include="src\utils\SettingsUtil.cpp">
      <Filter>src\utils</Filter>
    </ClCompile>
    <ClCompile Include="src\utils\timeAccumulator.cpp">
      <Filter>src\utils</Filter>
    </ClCompile>
    <ClCompile Include="src\utils\timeUtil.cpp">
      <Filter>src\utils</Filter>
    </ClCompile>
    <ClCompile Include="src\Core\Main.cpp">
      <Filter>src\core</Filter>
    </ClCompile>
    <ClCompile Include="src\Core\glad.c">
      <Filter>src\core</Filter>
    </ClCompile>
    <ClCompile Include="src\UI\ImGui\ImGuiWindow.cpp">
      <Filter>src\UI\ImGui</Filter>
    </ClCompile>
    <ClCompile Include="src\Render\Shader\SkyBox.cpp">
      <Filter>src\Render\Shader</Filter>
    </ClCompile>
    <ClCompile Include="src\Scripting\Functions\Shader\LuaSkybox.cpp">
      <Filter>src\Scripting\functions\Shader</Filter>
    </ClCompile>
    <ClCompile Include="src\Scripting\Functions\Player\LuaCamera.cpp">
      <Filter>src\Scripting\functions\Player</Filter>
    </ClCompile>
    <ClCompile Include="src\Core\File\File.cpp">
      <Filter>src\core\File</Filter>
    </ClCompile>
    <ClCompile Include="src\Sound\SoundProgram.cpp">
      <Filter>src\Sound</Filter>
    </ClCompile>
    <ClCompile Include="src\Sound\SoundRunner.cpp">
      <Filter>src\Sound</Filter>
    </ClCompile>
    <ClCompile Include="src\Scripting\Functions\Sound\LuaSound.cpp">
      <Filter>src\Scripting\functions\Sound</Filter>
    </ClCompile>
    <ClCompile Include="src\Core\Render.cpp">
      <Filter>src\core</Filter>
    </ClCompile>
    <ClCompile Include="src\Render\Cube\CubeVisualizer.cpp">
      <Filter>src\Render\Cube</Filter>
    </ClCompile>
    <ClCompile Include="src\Render\Cube\Billboard.cpp">
      <Filter>src\Render\Cube</Filter>
    </ClCompile>
    <ClCompile Include="src\Gameplay\BillboardObject.cpp">
      <Filter>src\Gameplay</Filter>
    </ClCompile>
    <ClCompile Include="src\Physics\CubeCollider.cpp">
      <Filter>src\Physics</Filter>
    </ClCompile>
    <ClCompile Include="src\Gameplay\ModelObject.cpp">
      <Filter>src\Gameplay</Filter>
    </ClCompile>
    <ClCompile Include="src\utils\noise.cpp">
      <Filter>src\utils</Filter>
    </ClCompile>
    <ClCompile Include="src\Gameplay\Player.cpp">
      <Filter>src\Gameplay</Filter>
    </ClCompile>
  </ItemGroup>
  <ItemGroup>
    <ClInclude Include="src\Scripting\ScriptRunner.h">
      <Filter>src\Scripting</Filter>
    </ClInclude>
    <ClInclude Include="src\Scripting\ScriptEngine.h">
      <Filter>src\Scripting</Filter>
    </ClInclude>
    <ClInclude Include="src\Scripting\Functions\Model\LuaModel.h">
      <Filter>src\Scripting\functions\Model</Filter>
    </ClInclude>
    <ClInclude Include="src\Scripting\Functions\ScriptIncludes.h">
      <Filter>src\Scripting\functions</Filter>
    </ClInclude>
    <ClInclude Include="src\Scripting\Functions\Screen\LuaScreen.h">
      <Filter>src\Scripting\functions\Screen</Filter>
    </ClInclude>
    <ClInclude Include="src\Scripting\Functions\Shader\LuaShader.h">
      <Filter>src\Scripting\functions\Shader</Filter>
    </ClInclude>
    <ClInclude Include="src\Scripting\Functions\Input\LuaGetKey.h">
      <Filter>src\Scripting\functions\Input</Filter>
    </ClInclude>
    <ClInclude Include="src\camera\Camera.h">
      <Filter>src\Camera</Filter>
    </ClInclude>
    <ClInclude Include="src\utils\init.h">
      <Filter>src\utils</Filter>
    </ClInclude>
    <ClInclude Include="src\utils\InputUtil.h">
      <Filter>src\utils</Filter>
    </ClInclude>
    <ClInclude Include="src\utils\ScreenUtils.h">
      <Filter>src\utils</Filter>
    </ClInclude>
    <ClInclude Include="src\utils\SettingsUtil.h">
      <Filter>src\utils</Filter>
    </ClInclude>
    <ClInclude Include="src\utils\timeAccumulator.h">
      <Filter>src\utils</Filter>
    </ClInclude>
    <ClInclude Include="src\utils\timeUtil.h">
      <Filter>src\utils</Filter>
    </ClInclude>
    <ClInclude Include="src\Core\Main.h">
      <Filter>src\core</Filter>
    </ClInclude>
    <ClInclude Include="src\Libraries\include\imgui\imconfig.h">
      <Filter>Resource Files\imgui</Filter>
    </ClInclude>
    <ClInclude Include="src\Libraries\include\imgui\imgui.h">
      <Filter>Resource Files\imgui</Filter>
    </ClInclude>
    <ClInclude Include="src\Libraries\include\imgui\imgui_impl_glfw.h">
      <Filter>Resource Files\imgui</Filter>
    </ClInclude>
    <ClInclude Include="src\Libraries\include\imgui\imgui_impl_opengl3.h">
      <Filter>Resource Files\imgui</Filter>
    </ClInclude>
    <ClInclude Include="src\Libraries\include\imgui\imgui_impl_opengl3_loader.h">
      <Filter>Resource Files\imgui</Filter>
    </ClInclude>
    <ClInclude Include="src\Libraries\include\imgui\imgui_internal.h">
      <Filter>Resource Files\imgui</Filter>
    </ClInclude>
    <ClInclude Include="src\Libraries\include\imgui\imstb_rectpack.h">
      <Filter>Resource Files\imgui</Filter>
    </ClInclude>
    <ClInclude Include="src\Libraries\include\imgui\imstb_textedit.h">
      <Filter>Resource Files\imgui</Filter>
    </ClInclude>
    <ClInclude Include="src\Libraries\include\imgui\imstb_truetype.h">
      <Filter>Resource Files\imgui</Filter>
    </ClInclude>
    <ClInclude Include="src\Render\model\Texture.h">
      <Filter>src\Render\Model</Filter>
    </ClInclude>
    <ClInclude Include="src\Render\model\Mesh.h">
      <Filter>src\Render\Model</Filter>
    </ClInclude>
    <ClInclude Include="src\Render\model\Model.h">
      <Filter>src\Render\Model</Filter>
    </ClInclude>
    <ClInclude Include="src\Render\Shader\Cubemap.h">
      <Filter>src\Render\Shader</Filter>
    </ClInclude>
    <ClInclude Include="src\Render\Shader\Framebuffer.h">
      <Filter>src\Render\Shader</Filter>
    </ClInclude>
    <ClInclude Include="src\Render\shader\shaderClass.h">
      <Filter>src\Render\Shader</Filter>
    </ClInclude>
    <ClInclude Include="src\Render\Buffer\EBO.h">
      <Filter>src\Render\Buffer</Filter>
    </ClInclude>
    <ClInclude Include="src\Render\Buffer\VAO.h">
      <Filter>src\Render\Buffer</Filter>
    </ClInclude>
    <ClInclude Include="src\Render\Buffer\VBO.h">
      <Filter>src\Render\Buffer</Filter>
    </ClInclude>
    <ClInclude Include="src\UI\ImGui\ImGuiWindow.h">
      <Filter>src\UI\ImGui</Filter>
    </ClInclude>
    <ClInclude Include="src\Render\Shader\SkyBox.h">
      <Filter>src\Render\Shader</Filter>
    </ClInclude>
    <ClInclude Include="src\Scripting\Functions\Shader\LuaSkybox.h">
      <Filter>src\Scripting\functions\Shader</Filter>
    </ClInclude>
    <ClInclude Include="src\Scripting\Functions\Player\LuaCamera.h">
      <Filter>src\Scripting\functions\Player</Filter>
    </ClInclude>
    <ClInclude Include="src\Core\File\File.h">
      <Filter>src\core\File</Filter>
    </ClInclude>
    <ClInclude Include="src\Sound\SoundProgram.h">
      <Filter>src\Sound</Filter>
    </ClInclude>
    <ClInclude Include="src\Sound\SoundRunner.h">
      <Filter>src\Sound</Filter>
    </ClInclude>
    <ClInclude Include="src\Scripting\Functions\Sound\LuaSound.h">
      <Filter>src\Scripting\functions\Sound</Filter>
    </ClInclude>
    <ClInclude Include="src\Core\Render.h">
      <Filter>src\core</Filter>
    </ClInclude>
    <ClInclude Include="src\Render\Cube\CubeVisualizer.h">
      <Filter>src\Render\Cube</Filter>
    </ClInclude>
    <ClInclude Include="src\Render\Cube\Billboard.h">
      <Filter>src\Render\Cube</Filter>
    </ClInclude>
    <ClInclude Include="src\Gameplay\BillboardObject.h">
      <Filter>src\Gameplay</Filter>
    </ClInclude>
    <ClInclude Include="src\Physics\CubeCollider.h">
      <Filter>src\Physics</Filter>
    </ClInclude>
    <ClInclude Include="src\Gameplay\ModelObject.h">
      <Filter>src\Gameplay</Filter>
    </ClInclude>
    <ClInclude Include="src\utils\noise.h">
      <Filter>src\utils</Filter>
    </ClInclude>
    <ClInclude Include="src\Gameplay\Player.h">
      <Filter>src\Gameplay</Filter>
    </ClInclude>
  </ItemGroup>
  <ItemGroup>
    <None Include="Shaders\Empty.shader">
      <Filter>Resource Files\Shaders</Filter>
    </None>
    <None Include="Shaders\Db\Depth.frag">
      <Filter>Resource Files\Shaders\Db</Filter>
    </None>
    <None Include="Shaders\Db\solidColour.frag">
      <Filter>Resource Files\Shaders\Db</Filter>
    </None>
    <None Include="Shaders\PostProcess\DITHERFB.frag">
      <Filter>Resource Files\Shaders\Post Process</Filter>
    </None>
    <None Include="Shaders\PostProcess\framebuffer.frag">
      <Filter>Resource Files\Shaders\Post Process</Filter>
    </None>
    <None Include="Shaders\PostProcess\framebuffer.vert">
      <Filter>Resource Files\Shaders\Post Process</Filter>
    </None>
    <None Include="Shaders\PostProcess\TieDyeframebuffer.frag">
      <Filter>Resource Files\Shaders\Post Process</Filter>
    </None>
    <None Include="Shaders\PostProcess\4bitToDither.frag">
      <Filter>Resource Files\Shaders\Post Process</Filter>
    </None>
    <None Include="Shaders\Lighting\light.frag">
      <Filter>Resource Files\Shaders\Lighting</Filter>
    </None>
    <None Include="Shaders\Lighting\light.vert">
      <Filter>Resource Files\Shaders\Lighting</Filter>
    </None>
    <None Include="Shaders\Lighting\unShaded.frag">
      <Filter>Resource Files\Shaders\Lighting</Filter>
    </None>
    <None Include="Shaders\Lighting\Default.geom">
      <Filter>Resource Files\Shaders\Lighting</Filter>
    </None>
    <None Include="Shaders\Lighting\Default.vert">
      <Filter>Resource Files\Shaders\Lighting</Filter>
    </None>
    <None Include="Shaders\Lighting\direcLight.frag">
      <Filter>Resource Files\Shaders\Lighting</Filter>
    </None>
    <None Include="Shaders\Lighting\pointLight.frag">
      <Filter>Resource Files\Shaders\Lighting</Filter>
    </None>
    <None Include="Shaders\Lighting\spotLight.frag">
      <Filter>Resource Files\Shaders\Lighting</Filter>
    </None>
    <None Include="Shaders\Skybox\skybox.vert">
      <Filter>Resource Files\Shaders\Skybox</Filter>
    </None>
    <None Include="Shaders\Skybox\skybox.frag">
      <Filter>Resource Files\Shaders\Skybox</Filter>
    </None>
    <None Include="UserScripts\LuaStartup.json">
      <Filter>Resource Files\UserScripts</Filter>
    </None>
    <None Include="UserScripts\Main\Main.Lua">
      <Filter>Resource Files\UserScripts</Filter>
    </None>
    <None Include="UserScripts\dbg\Test.Lua">
      <Filter>Resource Files\UserScripts</Filter>
    </None>
    <None Include="UserScripts\Main\Shader.Lua">
      <Filter>Resource Files\UserScripts</Filter>
    </None>
    <None Include="Settings\imgui.ini">
      <Filter>Resource Files\settings</Filter>
    </None>
    <None Include="Settings\Settings.json">
      <Filter>Resource Files\settings</Filter>
    </None>
    <None Include="Settings\LogConfig.json">
      <Filter>Resource Files\settings</Filter>
    </None>
    <None Include="Settings\PlayerController.json">
      <Filter>Resource Files\settings</Filter>
    </None>
    <None Include="Shaders\ShaderList.json">
      <Filter>Resource Files\Shaders</Filter>
    </None>
    <None Include="UserScripts\Main\Shortcuts.Lua">
      <Filter>Resource Files\UserScripts</Filter>
    </None>
    <None Include="Shaders\Db\OrangeHitbox.frag">
      <Filter>Resource Files\Shaders\Db</Filter>
    </None>
    <None Include="Shaders\Db\BillBoard.frag">
      <Filter>Resource Files\Shaders\Db</Filter>
    </None>
    <None Include="Shaders\Db\BillBoard.vert">
      <Filter>Resource Files\Shaders\Db</Filter>
    </None>
    <None Include="Shaders\Lighting\albedo.frag">
      <Filter>Resource Files\Shaders\Lighting</Filter>
    </None>
    <None Include="Shaders\gBuffer\geometryPass.frag">
      <Filter>Resource Files\Shaders\gBuffer</Filter>
    </None>
    <None Include="Shaders\gBuffer\geometryPass.vert">
      <Filter>Resource Files\Shaders\gBuffer</Filter>
    </None>
  </ItemGroup>
</Project>